
Microsoft Visual Studio Solution File, Format Version 12.00
# Visual Studio 15
VisualStudioVersion = 15.0.26430.16
MinimumVisualStudioVersion = 10.0.40219.1
Project("{FAE04EC0-301F-11D3-BF4B-00C04F79EFBC}") = "Dota2.DistanceChanger", "Dota2.DistanceChanger\Dota2.DistanceChanger.csproj", "{DA06F1C5-51CD-418B-82CE-C83BCED97CC0}"
EndProject
Project("{FAE04EC0-301F-11D3-BF4B-00C04F79EFBC}") = "Dota2.DistanceChanger.Core", "Dota2.DistanceChanger.Core\Dota2.DistanceChanger.Core.csproj", "{49F32D42-3F60-4BDD-B593-4EB98C64926A}"
EndProject
Project("{FAE04EC0-301F-11D3-BF4B-00C04F79EFBC}") = "dota-patcher-core", "dota-patcher-core\dota-patcher-core.csproj", "{3876082D-B62B-485D-9ECC-6D0B3476C793}"
EndProject
Project("{FAE04EC0-301F-11D3-BF4B-00C04F79EFBC}") = "async-file", "async-file\async-file.csproj", "{F1FBC7ED-2741-46FF-931F-A14CFD143FE1}"
EndProject
Global
	GlobalSection(SolutionConfigurationPlatforms) = preSolution
		Debug|Any CPU = Debug|Any CPU
		Release|Any CPU = Release|Any CPU
	EndGlobalSection
	GlobalSection(ProjectConfigurationPlatforms) = postSolution
		{DA06F1C5-51CD-418B-82CE-C83BCED97CC0}.Debug|Any CPU.ActiveCfg = Debug|Any CPU
		{DA06F1C5-51CD-418B-82CE-C83BCED97CC0}.Debug|Any CPU.Build.0 = Debug|Any CPU
		{DA06F1C5-51CD-418B-82CE-C83BCED97CC0}.Release|Any CPU.ActiveCfg = Release|Any CPU
		{DA06F1C5-51CD-418B-82CE-C83BCED97CC0}.Release|Any CPU.Build.0 = Release|Any CPU
		{49F32D42-3F60-4BDD-B593-4EB98C64926A}.Debug|Any CPU.ActiveCfg = Debug|Any CPU
		{49F32D42-3F60-4BDD-B593-4EB98C64926A}.Debug|Any CPU.Build.0 = Debug|Any CPU
		{49F32D42-3F60-4BDD-B593-4EB98C64926A}.Release|Any CPU.ActiveCfg = Release|Any CPU
		{49F32D42-3F60-4BDD-B593-4EB98C64926A}.Release|Any CPU.Build.0 = Release|Any CPU
		{3876082D-B62B-485D-9ECC-6D0B3476C793}.Debug|Any CPU.ActiveCfg = Debug|Any CPU
		{3876082D-B62B-485D-9ECC-6D0B3476C793}.Debug|Any CPU.Build.0 = Debug|Any CPU
		{3876082D-B62B-485D-9ECC-6D0B3476C793}.Release|Any CPU.ActiveCfg = Release|Any CPU
		{3876082D-B62B-485D-9ECC-6D0B3476C793}.Release|Any CPU.Build.0 = Release|Any CPU
		{F1FBC7ED-2741-46FF-931F-A14CFD143FE1}.Debug|Any CPU.ActiveCfg = Debug|Any CPU
		{F1FBC7ED-2741-46FF-931F-A14CFD143FE1}.Debug|Any CPU.Build.0 = Debug|Any CPU
		{F1FBC7ED-2741-46FF-931F-A14CFD143FE1}.Release|Any CPU.ActiveCfg = Release|Any CPU
		{F1FBC7ED-2741-46FF-931F-A14CFD143FE1}.Release|Any CPU.Build.0 = Release|Any CPU
	EndGlobalSection
	GlobalSection(SolutionProperties) = preSolution
		HideSolutionNode = FALSE
	EndGlobalSection
	GlobalSection(ExtensibilityGlobals) = postSolution
		SolutionGuid = {5202B5AD-ED0B-4E17-A08F-43CDDEDB4802}
	EndGlobalSection
EndGlobal
